// !$*UTF8*$!
{
	archiveVersion = 1;
	classes = {
	};
	objectVersion = 50;
	objects = {

/* Begin PBXBuildFile section */
		FE3B43002426299000982290 /* AppDelegate.swift in Sources */ = {isa = PBXBuildFile; fileRef = FE3B42FF2426299000982290 /* AppDelegate.swift */; };
		FE3B43022426299000982290 /* SceneDelegate.swift in Sources */ = {isa = PBXBuildFile; fileRef = FE3B43012426299000982290 /* SceneDelegate.swift */; };
		FE3B43042426299000982290 /* ContentView.swift in Sources */ = {isa = PBXBuildFile; fileRef = FE3B43032426299000982290 /* ContentView.swift */; };
		FE3B43062426299300982290 /* Assets.xcassets in Resources */ = {isa = PBXBuildFile; fileRef = FE3B43052426299300982290 /* Assets.xcassets */; };
		FE3B43092426299300982290 /* Preview Assets.xcassets in Resources */ = {isa = PBXBuildFile; fileRef = FE3B43082426299300982290 /* Preview Assets.xcassets */; };
		FE3B430C2426299300982290 /* LaunchScreen.storyboard in Resources */ = {isa = PBXBuildFile; fileRef = FE3B430A2426299300982290 /* LaunchScreen.storyboard */; };
		FE3B431524262A7D00982290 /* ReceivedData.swift in Sources */ = {isa = PBXBuildFile; fileRef = FE3B431424262A7D00982290 /* ReceivedData.swift */; };
		FE3B431724262A9600982290 /* NetworkManager.swift in Sources */ = {isa = PBXBuildFile; fileRef = FE3B431624262A9600982290 /* NetworkManager.swift */; };
		FE8759C22429E7180070AAAB /* MoreDetails.swift in Sources */ = {isa = PBXBuildFile; fileRef = FE8759C12429E7180070AAAB /* MoreDetails.swift */; };
		FE8759C42429E72B0070AAAB /* WebView.swift in Sources */ = {isa = PBXBuildFile; fileRef = FE8759C32429E72B0070AAAB /* WebView.swift */; };
/* End PBXBuildFile section */

/* Begin PBXFileReference section */
		FE3B42FC2426299000982290 /* Top News.app */ = {isa = PBXFileReference; explicitFileType = wrapper.application; includeInIndex = 0; path = "Top News.app"; sourceTree = BUILT_PRODUCTS_DIR; };
		FE3B42FF2426299000982290 /* AppDelegate.swift */ = {isa = PBXFileReference; lastKnownFileType = sourcecode.swift; path = AppDelegate.swift; sourceTree = "<group>"; };
		FE3B43012426299000982290 /* SceneDelegate.swift */ = {isa = PBXFileReference; lastKnownFileType = sourcecode.swift; path = SceneDelegate.swift; sourceTree = "<group>"; };
		FE3B43032426299000982290 /* ContentView.swift */ = {isa = PBXFileReference; lastKnownFileType = sourcecode.swift; path = ContentView.swift; sourceTree = "<group>"; };
		FE3B43052426299300982290 /* Assets.xcassets */ = {isa = PBXFileReference; lastKnownFileType = folder.assetcatalog; path = Assets.xcassets; sourceTree = "<group>"; };
		FE3B43082426299300982290 /* Preview Assets.xcassets */ = {isa = PBXFileReference; lastKnownFileType = folder.assetcatalog; path = "Preview Assets.xcassets"; sourceTree = "<group>"; };
		FE3B430B2426299300982290 /* Base */ = {isa = PBXFileReference; lastKnownFileType = file.storyboard; name = Base; path = Base.lproj/LaunchScreen.storyboard; sourceTree = "<group>"; };
		FE3B430D2426299300982290 /* Info.plist */ = {isa = PBXFileReference; lastKnownFileType = text.plist.xml; path = Info.plist; sourceTree = "<group>"; };
		FE3B431424262A7D00982290 /* ReceivedData.swift */ = {isa = PBXFileReference; lastKnownFileType = sourcecode.swift; path = ReceivedData.swift; sourceTree = "<group>"; };
		FE3B431624262A9600982290 /* NetworkManager.swift */ = {isa = PBXFileReference; lastKnownFileType = sourcecode.swift; path = NetworkManager.swift; sourceTree = "<group>"; };
		FE8759C12429E7180070AAAB /* MoreDetails.swift */ = {isa = PBXFileReference; lastKnownFileType = sourcecode.swift; path = MoreDetails.swift; sourceTree = "<group>"; };
		FE8759C32429E72B0070AAAB /* WebView.swift */ = {isa = PBXFileReference; lastKnownFileType = sourcecode.swift; path = WebView.swift; sourceTree = "<group>"; };
		FE8759C52429F88A0070AAAB /* Top News.entitlements */ = {isa = PBXFileReference; lastKnownFileType = text.plist.entitlements; path = "Top News.entitlements"; sourceTree = "<group>"; };
/* End PBXFileReference section */

/* Begin PBXFrameworksBuildPhase section */
		FE3B42F92426299000982290 /* Frameworks */ = {
			isa = PBXFrameworksBuildPhase;
			buildActionMask = 2147483647;
			files = (
			);
			runOnlyForDeploymentPostprocessing = 0;
		};
/* End PBXFrameworksBuildPhase section */

/* Begin PBXGroup section */
		FE3B42F32426299000982290 = {
			isa = PBXGroup;
			children = (
				FE3B42FE2426299000982290 /* Top News */,
				FE3B42FD2426299000982290 /* Products */,
			);
			sourceTree = "<group>";
		};
		FE3B42FD2426299000982290 /* Products */ = {
			isa = PBXGroup;
			children = (
				FE3B42FC2426299000982290 /* Top News.app */,
			);
			name = Products;
			sourceTree = "<group>";
		};
		FE3B42FE2426299000982290 /* Top News */ = {
			isa = PBXGroup;
			children = (
				FE8759C52429F88A0070AAAB /* Top News.entitlements */,
				FE3B431324262A5E00982290 /* Model */,
				FE6248B92429E605008E4E73 /* View */,
				FE3B42FF2426299000982290 /* AppDelegate.swift */,
				FE3B43012426299000982290 /* SceneDelegate.swift */,
				FE3B43052426299300982290 /* Assets.xcassets */,
				FE3B430A2426299300982290 /* LaunchScreen.storyboard */,
				FE3B430D2426299300982290 /* Info.plist */,
				FE3B43072426299300982290 /* Preview Content */,
			);
			path = "Top News";
			sourceTree = "<group>";
		};
		FE3B43072426299300982290 /* Preview Content */ = {
			isa = PBXGroup;
			children = (
				FE3B43082426299300982290 /* Preview Assets.xcassets */,
			);
			path = "Preview Content";
			sourceTree = "<group>";
		};
		FE3B431324262A5E00982290 /* Model */ = {
			isa = PBXGroup;
			children = (
				FE3B431424262A7D00982290 /* ReceivedData.swift */,
				FE3B431624262A9600982290 /* NetworkManager.swift */,
			);
			path = Model;
			sourceTree = "<group>";
		};
		FE6248B92429E605008E4E73 /* View */ = {
			isa = PBXGroup;
			children = (
				FE3B43032426299000982290 /* ContentView.swift */,
				FE8759C12429E7180070AAAB /* MoreDetails.swift */,
				FE8759C32429E72B0070AAAB /* WebView.swift */,
			);
			path = View;
			sourceTree = "<group>";
		};
/* End PBXGroup section */

/* Begin PBXNativeTarget section */
		FE3B42FB2426299000982290 /* Top News */ = {
			isa = PBXNativeTarget;
			buildConfigurationList = FE3B43102426299300982290 /* Build configuration list for PBXNativeTarget "Top News" */;
			buildPhases = (
				FE3B42F82426299000982290 /* Sources */,
				FE3B42F92426299000982290 /* Frameworks */,
				FE3B42FA2426299000982290 /* Resources */,
			);
			buildRules = (
			);
			dependencies = (
			);
			name = "Top News";
			productName = "Top News";
			productReference = FE3B42FC2426299000982290 /* Top News.app */;
			productType = "com.apple.product-type.application";
		};
/* End PBXNativeTarget section */

/* Begin PBXProject section */
		FE3B42F42426299000982290 /* Project object */ = {
			isa = PBXProject;
			attributes = {
				LastSwiftUpdateCheck = 1130;
				LastUpgradeCheck = 1130;
				ORGANIZATIONNAME = Shivansh;
				TargetAttributes = {
					FE3B42FB2426299000982290 = {
						CreatedOnToolsVersion = 11.3.1;
					};
				};
			};
			buildConfigurationList = FE3B42F72426299000982290 /* Build configuration list for PBXProject "Top News" */;
			compatibilityVersion = "Xcode 9.3";
			developmentRegion = en;
			hasScannedForEncodings = 0;
			knownRegions = (
				en,
				Base,
			);
			mainGroup = FE3B42F32426299000982290;
			productRefGroup = FE3B42FD2426299000982290 /* Products */;
			projectDirPath = "";
			projectRoot = "";
			targets = (
				FE3B42FB2426299000982290 /* Top News */,
			);
		};
/* End PBXProject section */

/* Begin PBXResourcesBuildPhase section */
		FE3B42FA2426299000982290 /* Resources */ = {
			isa = PBXResourcesBuildPhase;
			buildActionMask = 2147483647;
			files = (
				FE3B430C2426299300982290 /* LaunchScreen.storyboard in Resources */,
				FE3B43092426299300982290 /* Preview Assets.xcassets in Resources */,
				FE3B43062426299300982290 /* Assets.xcassets in Resources */,
			);
			runOnlyForDeploymentPostprocessing = 0;
		};
/* End PBXResourcesBuildPhase section */

/* Begin PBXSourcesBuildPhase section */
		FE3B42F82426299000982290 /* Sources */ = {
			isa = PBXSourcesBuildPhase;
			buildActionMask = 2147483647;
			files = (
				FE3B43002426299000982290 /* AppDelegate.swift in Sources */,
				FE8759C22429E7180070AAAB /* MoreDetails.swift in Sources */,
				FE8759C42429E72B0070AAAB /* WebView.swift in Sources */,
				FE3B43022426299000982290 /* SceneDelegate.swift in Sources */,
				FE3B431724262A9600982290 /* NetworkManager.swift in Sources */,
				FE3B431524262A7D00982290 /* ReceivedData.swift in Sources */,
				FE3B43042426299000982290 /* ContentView.swift in Sources */,
			);
			runOnlyForDeploymentPostprocessing = 0;
		};
/* End PBXSourcesBuildPhase section */

/* Begin PBXVariantGroup section */
		FE3B430A2426299300982290 /* LaunchScreen.storyboard */ = {
			isa = PBXVariantGroup;
			children = (
				FE3B430B2426299300982290 /* Base */,
			);
			name = LaunchScreen.storyboard;
			sourceTree = "<group>";
		};
/* End PBXVariantGroup section */

/* Begin XCBuildConfiguration section */
		FE3B430E2426299300982290 /* Debug */ = {
			isa = XCBuildConfiguration;
			buildSettings = {
				ALWAYS_SEARCH_USER_PATHS = NO;
				CLANG_ANALYZER_NONNULL = YES;
				CLANG_ANALYZER_NUMBER_OBJECT_CONVERSION = YES_AGGRESSIVE;
				CLANG_CXX_LANGUAGE_STANDARD = "gnu++14";
				CLANG_CXX_LIBRARY = "libc++";
				CLANG_ENABLE_MODULES = YES;
				CLANG_ENABLE_OBJC_ARC = YES;
				CLANG_ENABLE_OBJC_WEAK = YES;
				CLANG_WARN_BLOCK_CAPTURE_AUTORELEASING = YES;
				CLANG_WARN_BOOL_CONVERSION = YES;
				CLANG_WARN_COMMA = YES;
				CLANG_WARN_CONSTANT_CONVERSION = YES;
				CLANG_WARN_DEPRECATED_OBJC_IMPLEMENTATIONS = YES;
				CLANG_WARN_DIRECT_OBJC_ISA_USAGE = YES_ERROR;
				CLANG_WARN_DOCUMENTATION_COMMENTS = YES;
				CLANG_WARN_EMPTY_BODY = YES;
				CLANG_WARN_ENUM_CONVERSION = YES;
				CLANG_WARN_INFINITE_RECURSION = YES;
				CLANG_WARN_INT_CONVERSION = YES;
				CLANG_WARN_NON_LITERAL_NULL_CONVERSION = YES;
				CLANG_WARN_OBJC_IMPLICIT_RETAIN_SELF = YES;
				CLANG_WARN_OBJC_LITERAL_CONVERSION = YES;
				CLANG_WARN_OBJC_ROOT_CLASS = YES_ERROR;
				CLANG_WARN_RANGE_LOOP_ANALYSIS = YES;
				CLANG_WARN_STRICT_PROTOTYPES = YES;
				CLANG_WARN_SUSPICIOUS_MOVE = YES;
				CLANG_WARN_UNGUARDED_AVAILABILITY = YES_AGGRESSIVE;
				CLANG_WARN_UNREACHABLE_CODE = YES;
				CLANG_WARN__DUPLICATE_METHOD_MATCH = YES;
				COPY_PHASE_STRIP = NO;
				DEBUG_INFORMATION_FORMAT = dwarf;
				ENABLE_STRICT_OBJC_MSGSEND = YES;
				ENABLE_TESTABILITY = YES;
				GCC_C_LANGUAGE_STANDARD = gnu11;
				GCC_DYNAMIC_NO_PIC = NO;
				GCC_NO_COMMON_BLOCKS = YES;
				GCC_OPTIMIZATION_LEVEL = 0;
				GCC_PREPROCESSOR_DEFINITIONS = (
					"DEBUG=1",
					"$(inherited)",
				);
				GCC_WARN_64_TO_32_BIT_CONVERSION = YES;
				GCC_WARN_ABOUT_RETURN_TYPE = YES_ERROR;
				GCC_WARN_UNDECLARED_SELECTOR = YES;
				GCC_WARN_UNINITIALIZED_AUTOS = YES_AGGRESSIVE;
				GCC_WARN_UNUSED_FUNCTION = YES;
				GCC_WARN_UNUSED_VARIABLE = YES;
				IPHONEOS_DEPLOYMENT_TARGET = 13.2;
				MTL_ENABLE_DEBUG_INFO = INCLUDE_SOURCE;
				MTL_FAST_MATH = YES;
				ONLY_ACTIVE_ARCH = YES;
				SDKROOT = iphoneos;
				SWIFT_ACTIVE_COMPILATION_CONDITIONS = DEBUG;
				SWIFT_OPTIMIZATION_LEVEL = "-Onone";
			};
			name = Debug;
		};
		FE3B430F2426299300982290 /* Release */ = {
			isa = XCBuildConfiguration;
			buildSettings = {
				ALWAYS_SEARCH_USER_PATHS = NO;
				CLANG_ANALYZER_NONNULL = YES;
				CLANG_ANALYZER_NUMBER_OBJECT_CONVERSION = YES_AGGRESSIVE;
				CLANG_CXX_LANGUAGE_STANDARD = "gnu++14";
				CLANG_CXX_LIBRARY = "libc++";
				CLANG_ENABLE_MODULES = YES;
				CLANG_ENABLE_OBJC_ARC = YES;
				CLANG_ENABLE_OBJC_WEAK = YES;
				CLANG_WARN_BLOCK_CAPTURE_AUTORELEASING = YES;
				CLANG_WARN_BOOL_CONVERSION = YES;
				CLANG_WARN_COMMA = YES;
				CLANG_WARN_CONSTANT_CONVERSION = YES;
				CLANG_WARN_DEPRECATED_OBJC_IMPLEMENTATIONS = YES;
				CLANG_WARN_DIRECT_OBJC_ISA_USAGE = YES_ERROR;
				CLANG_WARN_DOCUMENTATION_COMMENTS = YES;
				CLANG_WARN_EMPTY_BODY = YES;
				CLANG_WARN_ENUM_CONVERSION = YES;
				CLANG_WARN_INFINITE_RECURSION = YES;
				CLANG_WARN_INT_CONVERSION = YES;
				CLANG_WARN_NON_LITERAL_NULL_CONVERSION = YES;
				CLANG_WARN_OBJC_IMPLICIT_RETAIN_SELF = YES;
				CLANG_WARN_OBJC_LITERAL_CONVERSION = YES;
				CLANG_WARN_OBJC_ROOT_CLASS = YES_ERROR;
				CLANG_WARN_RANGE_LOOP_ANALYSIS = YES;
				CLANG_WARN_STRICT_PROTOTYPES = YES;
				CLANG_WARN_SUSPICIOUS_MOVE = YES;
				CLANG_WARN_UNGUARDED_AVAILABILITY = YES_AGGRESSIVE;
				CLANG_WARN_UNREACHABLE_CODE = YES;
				CLANG_WARN__DUPLICATE_METHOD_MATCH = YES;
				COPY_PHASE_STRIP = NO;
				DEBUG_INFORMATION_FORMAT = "dwarf-with-dsym";
				ENABLE_NS_ASSERTIONS = NO;
				ENABLE_STRICT_OBJC_MSGSEND = YES;
				GCC_C_LANGUAGE_STANDARD = gnu11;
				GCC_NO_COMMON_BLOCKS = YES;
				GCC_WARN_64_TO_32_BIT_CONVERSION = YES;
				GCC_WARN_ABOUT_RETURN_TYPE = YES_ERROR;
				GCC_WARN_UNDECLARED_SELECTOR = YES;
				GCC_WARN_UNINITIALIZED_AUTOS = YES_AGGRESSIVE;
				GCC_WARN_UNUSED_FUNCTION = YES;
				GCC_WARN_UNUSED_VARIABLE = YES;
				IPHONEOS_DEPLOYMENT_TARGET = 13.2;
				MTL_ENABLE_DEBUG_INFO = NO;
				MTL_FAST_MATH = YES;
				SDKROOT = iphoneos;
				SWIFT_COMPILATION_MODE = wholemodule;
				SWIFT_OPTIMIZATION_LEVEL = "-O";
				VALIDATE_PRODUCT = YES;
			};
			name = Release;
		};
		FE3B43112426299300982290 /* Debug */ = {
			isa = XCBuildConfiguration;
			buildSettings = {
				ASSETCATALOG_COMPILER_APPICON_NAME = AppIcon;
				CODE_SIGN_ENTITLEMENTS = "Top News/Top News.entitlements";
				"CODE_SIGN_IDENTITY[sdk=macosx*]" = "-";
				CODE_SIGN_STYLE = Automatic;
				DERIVE_MACCATALYST_PRODUCT_BUNDLE_IDENTIFIER = YES;
				DEVELOPMENT_ASSET_PATHS = "\"Top News/Preview Content\"";
				DEVELOPMENT_TEAM = 3PS7ZVH6ZU;
				ENABLE_PREVIEWS = YES;
				INFOPLIST_FILE = "Top News/Info.plist";
				LD_RUNPATH_SEARCH_PATHS = (
					"$(inherited)",
					"@executable_path/Frameworks",
				);
				PRODUCT_BUNDLE_IDENTIFIER = "Shivansh.Top-News";
				PRODUCT_NAME = "$(TARGET_NAME)";
				SUPPORTS_MACCATALYST = YES;
				SWIFT_VERSION = 5.0;
				TARGETED_DEVICE_FAMILY = "1,2";
			};
			name = Debug;
		};
		FE3B43122426299300982290 /* Release */ = {
			isa = XCBuildConfiguration;
			buildSettings = {
				ASSETCATALOG_COMPILER_APPICON_NAME = AppIcon;
				CODE_SIGN_ENTITLEMENTS = "Top News/Top News.entitlements";
				"CODE_SIGN_IDENTITY[sdk=macosx*]" = "-";
				CODE_SIGN_STYLE = Automatic;
				DERIVE_MACCATALYST_PRODUCT_BUNDLE_IDENTIFIER = YES;
				DEVELOPMENT_ASSET_PATHS = "\"Top News/Preview Content\"";
				DEVELOPMENT_TEAM = 3PS7ZVH6ZU;
				ENABLE_PREVIEWS = YES;
				INFOPLIST_FILE = "Top News/Info.plist";
				LD_RUNPATH_SEARCH_PATHS = (
					"$(inherited)",
					"@executable_path/Frameworks",
				);
				PRODUCT_BUNDLE_IDENTIFIER = "Shivansh.Top-News";
				PRODUCT_NAME = "$(TARGET_NAME)";
				SUPPORTS_MACCATALYST = YES;
				SWIFT_VERSION = 5.0;
				TARGETED_DEVICE_FAMILY = "1,2";
			};
			name = Release;
		};
/* End XCBuildConfiguration section */

/* Begin XCConfigurationList section */
		FE3B42F72426299000982290 /* Build configuration list for PBXProject "Top News" */ = {
			isa = XCConfigurationList;
			buildConfigurations = (
				FE3B430E2426299300982290 /* Debug */,
				FE3B430F2426299300982290 /* Release */,
			);
			defaultConfigurationIsVisible = 0;
			defaultConfigurationName = Release;
		};
		FE3B43102426299300982290 /* Build configuration list for PBXNativeTarget "Top News" */ = {
			isa = XCConfigurationList;
			buildConfigurations = (
				FE3B43112426299300982290 /* Debug */,
				FE3B43122426299300982290 /* Release */,
			);
			defaultConfigurationIsVisible = 0;
			defaultConfigurationName = Release;
		};
/* End XCConfigurationList section */
	};
	rootObject = FE3B42F42426299000982290 /* Project object */;
}
